<?xml version="1.0" encoding="UTF-8" standalone="yes" ?>
<CodeBlocks_project_file>
	<FileVersion major="1" minor="6" />
	<Project>
		<Option title="shibarides" />
		<Option pch_mode="2" />
		<Option compiler="gcc" />
		<Build>
			<Target title="Debug">
				<Option output="bin/Debug/shibarides" prefix_auto="1" extension_auto="1" />
				<Option object_output="obj/Debug/" />
				<Option type="1" />
				<Option compiler="gcc" />
				<Compiler>
					<Add option="-g" />
				</Compiler>
			</Target>
			<Target title="Release">
				<Option output="bin/Release/shibarides" prefix_auto="1" extension_auto="1" />
				<Option object_output="obj/Release/" />
				<Option type="1" />
				<Option compiler="gcc" />
				<Compiler>
					<Add option="-O2" />
				</Compiler>
				<Linker>
					<Add option="-s" />
				</Linker>
			</Target>
		</Build>
		<Compiler>
			<Add option="-Wall" />
			<Add option="-fexceptions" />
		</Compiler>
		<Unit filename="auth/ShibaRidesAuthCntr.cpp" />
		<Unit filename="auth/ShibaRidesAuthCntr.h" />
		<Unit filename="auth/ShibaRidesAuthInterfaces.h" />
		<Unit filename="auth/ShibaRidesAuthStubs.cpp" />
		<Unit filename="auth/ShibaRidesAuthStubs.h" />
		<Unit filename="auth/ShibaRidesAuthUI.cpp" />
		<Unit filename="auth/ShibaRidesAuthUI.h" />
		<Unit filename="domains/ShibaRidesDomains.cpp" />
		<Unit filename="domains/ShibaRidesDomains.hpp" />
		<Unit filename="domains/ShibaRidesDomainsUT.cpp" />
		<Unit filename="domains/ShibaRidesDomainsUT.hpp" />
		<Unit filename="entities/ShibaRidesEntities.cpp" />
		<Unit filename="entities/ShibaRidesEntities.hpp" />
		<Unit filename="entities/ShibaRidesEntitiesUT.cpp" />
		<Unit filename="entities/ShibaRidesEntitiesUT.hpp" />
		<Unit filename="main.cpp" />
		<Unit filename="ride/ShibaRidersRideCntr.hpp">
			<Option target="&lt;{~None~}&gt;" />
		</Unit>
		<Unit filename="ride/ShibaRidersRideInterface.hpp">
			<Option target="&lt;{~None~}&gt;" />
		</Unit>
		<Unit filename="ride/ShibaRidersRideStubs.hpp">
			<Option target="&lt;{~None~}&gt;" />
		</Unit>
		<Unit filename="ride/ShibaRidersRideUI.hpp">
			<Option target="&lt;{~None~}&gt;" />
		</Unit>
		<Unit filename="user/ShibaRidersUserCntr.hpp">
			<Option target="&lt;{~None~}&gt;" />
		</Unit>
		<Unit filename="user/ShibaRidersUserInterfaces.hpp">
			<Option target="&lt;{~None~}&gt;" />
		</Unit>
		<Unit filename="user/ShibaRidersUserStubs.hpp">
			<Option target="&lt;{~None~}&gt;" />
		</Unit>
		<Unit filename="user/ShibaRidersUserUI.hpp">
			<Option target="&lt;{~None~}&gt;" />
		</Unit>
		<Extensions>
			<code_completion />
			<debugger />
			<envvars />
		</Extensions>
	</Project>
</CodeBlocks_project_file>
